
Microsoft Visual Studio Solution File, Format Version 12.00
# Visual Studio Version 16
VisualStudioVersion = 16.0.31624.102
MinimumVisualStudioVersion = 10.0.40219.1
Project("{9A19103F-16F7-4668-BE54-9A1E7A4F7556}") = "Task Management System", "Task Management System\Task Management System.csproj", "{51DADF5F-F97B-4A12-842D-8B163411A194}"
EndProject
Project("{9A19103F-16F7-4668-BE54-9A1E7A4F7556}") = "TaskManagement.Buisness", "TaskManagementBuisness\TaskManagement.Buisness.csproj", "{E020C1EE-986A-49A4-BE2C-E975D6D7A085}"
EndProject
Project("{2150E333-8FDC-42A3-9474-1A3956D46DE8}") = "Database Script and Readme", "Database Script and Readme", "{02D95168-B0CD-4662-9DC5-27A675D2AA86}"
	ProjectSection(SolutionItems) = preProject
		..\..\..\Desktop\TaskManagement Script.sql = ..\..\..\Desktop\TaskManagement Script.sql
		..\..\..\Desktop\TaskManagement_ReadME.txt = ..\..\..\Desktop\TaskManagement_ReadME.txt
	EndProjectSection
EndProject
Global
	GlobalSection(SolutionConfigurationPlatforms) = preSolution
		Debug|Any CPU = Debug|Any CPU
		Release|Any CPU = Release|Any CPU
	EndGlobalSection
	GlobalSection(ProjectConfigurationPlatforms) = postSolution
		{51DADF5F-F97B-4A12-842D-8B163411A194}.Debug|Any CPU.ActiveCfg = Debug|Any CPU
		{51DADF5F-F97B-4A12-842D-8B163411A194}.Debug|Any CPU.Build.0 = Debug|Any CPU
		{51DADF5F-F97B-4A12-842D-8B163411A194}.Release|Any CPU.ActiveCfg = Release|Any CPU
		{51DADF5F-F97B-4A12-842D-8B163411A194}.Release|Any CPU.Build.0 = Release|Any CPU
		{E020C1EE-986A-49A4-BE2C-E975D6D7A085}.Debug|Any CPU.ActiveCfg = Debug|Any CPU
		{E020C1EE-986A-49A4-BE2C-E975D6D7A085}.Debug|Any CPU.Build.0 = Debug|Any CPU
		{E020C1EE-986A-49A4-BE2C-E975D6D7A085}.Release|Any CPU.ActiveCfg = Release|Any CPU
		{E020C1EE-986A-49A4-BE2C-E975D6D7A085}.Release|Any CPU.Build.0 = Release|Any CPU
	EndGlobalSection
	GlobalSection(SolutionProperties) = preSolution
		HideSolutionNode = FALSE
	EndGlobalSection
	GlobalSection(ExtensibilityGlobals) = postSolution
		SolutionGuid = {5D72A02F-3235-4053-A5AC-AE893FC95D5A}
	EndGlobalSection
EndGlobal
